<Solution>
  <Project Path="ECommerce.API/ECommerce.API.csproj" />
  <Project Path="ECommerce.Business/ECommerce.Business.csproj" />
  <Project Path="ECommerce.Data/ECommerce.Data.csproj" />
  <Project Path="ECommerce.Models/ECommerce.Models.csproj" />
  <Project Path="Ecommerce.Tests/Ecommerce.Tests.csproj" />
</Solution>
